// !$*UTF8*$!
{
	archiveVersion = 1;
	classes = {
	};
	objectVersion = 46;
	objects = {

/* Begin PBXBuildFile section */
		C7124C3D18BC8B8A0036913E /* sign-in-with-twitter-gray.png in Resources */ = {isa = PBXBuildFile; fileRef = C7124C3C18BC8B8A0036913E /* sign-in-with-twitter-gray.png */; };
		C7124C4118BC92DE0036913E /* ForgotPasswordViewController.m in Sources */ = {isa = PBXBuildFile; fileRef = C7124C3F18BC92DE0036913E /* ForgotPasswordViewController.m */; };
		C7124C4218BC92DE0036913E /* ForgotPasswordViewController.xib in Resources */ = {isa = PBXBuildFile; fileRef = C7124C4018BC92DE0036913E /* ForgotPasswordViewController.xib */; };
		C752D13318BB054D00E70589 /* Foundation.framework in Frameworks */ = {isa = PBXBuildFile; fileRef = C752D13218BB054D00E70589 /* Foundation.framework */; };
		C752D13518BB054D00E70589 /* CoreGraphics.framework in Frameworks */ = {isa = PBXBuildFile; fileRef = C752D13418BB054D00E70589 /* CoreGraphics.framework */; };
		C752D13718BB054D00E70589 /* UIKit.framework in Frameworks */ = {isa = PBXBuildFile; fileRef = C752D13618BB054D00E70589 /* UIKit.framework */; };
		C752D13D18BB054D00E70589 /* InfoPlist.strings in Resources */ = {isa = PBXBuildFile; fileRef = C752D13B18BB054D00E70589 /* InfoPlist.strings */; };
		C752D13F18BB054D00E70589 /* main.m in Sources */ = {isa = PBXBuildFile; fileRef = C752D13E18BB054D00E70589 /* main.m */; };
		C752D14318BB054D00E70589 /* AppDelegate.m in Sources */ = {isa = PBXBuildFile; fileRef = C752D14218BB054D00E70589 /* AppDelegate.m */; };
		C752D14518BB054D00E70589 /* Images.xcassets in Resources */ = {isa = PBXBuildFile; fileRef = C752D14418BB054D00E70589 /* Images.xcassets */; };
		C752D14C18BB054D00E70589 /* XCTest.framework in Frameworks */ = {isa = PBXBuildFile; fileRef = C752D14B18BB054D00E70589 /* XCTest.framework */; };
		C752D14D18BB054D00E70589 /* Foundation.framework in Frameworks */ = {isa = PBXBuildFile; fileRef = C752D13218BB054D00E70589 /* Foundation.framework */; };
		C752D14E18BB054D00E70589 /* UIKit.framework in Frameworks */ = {isa = PBXBuildFile; fileRef = C752D13618BB054D00E70589 /* UIKit.framework */; };
		C752D15618BB054D00E70589 /* InfoPlist.strings in Resources */ = {isa = PBXBuildFile; fileRef = C752D15418BB054D00E70589 /* InfoPlist.strings */; };
		C752D15818BB054D00E70589 /* WhatColorIsTodayTests.m in Sources */ = {isa = PBXBuildFile; fileRef = C752D15718BB054D00E70589 /* WhatColorIsTodayTests.m */; };
		C752D16418BB0C0E00E70589 /* MainViewController.m in Sources */ = {isa = PBXBuildFile; fileRef = C752D16218BB0C0E00E70589 /* MainViewController.m */; };
		C752D16518BB0C0E00E70589 /* MainViewController.xib in Resources */ = {isa = PBXBuildFile; fileRef = C752D16318BB0C0E00E70589 /* MainViewController.xib */; };
		C752D16718BB12AF00E70589 /* Parse.framework in Frameworks */ = {isa = PBXBuildFile; fileRef = C752D16618BB12AF00E70589 /* Parse.framework */; };
		C752D16918BB12DE00E70589 /* AudioToolbox.framework in Frameworks */ = {isa = PBXBuildFile; fileRef = C752D16818BB12DE00E70589 /* AudioToolbox.framework */; };
		C752D16B18BB12ED00E70589 /* CFNetwork.framework in Frameworks */ = {isa = PBXBuildFile; fileRef = C752D16A18BB12ED00E70589 /* CFNetwork.framework */; };
		C752D16D18BB130000E70589 /* CoreLocation.framework in Frameworks */ = {isa = PBXBuildFile; fileRef = C752D16C18BB130000E70589 /* CoreLocation.framework */; };
		C752D16F18BB130A00E70589 /* libz.dylib in Frameworks */ = {isa = PBXBuildFile; fileRef = C752D16E18BB130A00E70589 /* libz.dylib */; };
		C752D17118BB131600E70589 /* MobileCoreServices.framework in Frameworks */ = {isa = PBXBuildFile; fileRef = C752D17018BB131600E70589 /* MobileCoreServices.framework */; };
		C752D17318BB132400E70589 /* QuartzCore.framework in Frameworks */ = {isa = PBXBuildFile; fileRef = C752D17218BB132400E70589 /* QuartzCore.framework */; };
		C752D17518BB132D00E70589 /* Security.framework in Frameworks */ = {isa = PBXBuildFile; fileRef = C752D17418BB132D00E70589 /* Security.framework */; };
		C752D17718BB133600E70589 /* StoreKit.framework in Frameworks */ = {isa = PBXBuildFile; fileRef = C752D17618BB133600E70589 /* StoreKit.framework */; };
		C752D17918BB134200E70589 /* SystemConfiguration.framework in Frameworks */ = {isa = PBXBuildFile; fileRef = C752D17818BB134200E70589 /* SystemConfiguration.framework */; };
		C752D18018BB1CCA00E70589 /* SignInViewController.m in Sources */ = {isa = PBXBuildFile; fileRef = C752D17E18BB1CCA00E70589 /* SignInViewController.m */; };
		C752D18118BB1CCA00E70589 /* SignInViewController.xib in Resources */ = {isa = PBXBuildFile; fileRef = C752D17F18BB1CCA00E70589 /* SignInViewController.xib */; };
		C752D18818BC7F1900E70589 /* FacebookSDK.framework in Frameworks */ = {isa = PBXBuildFile; fileRef = C752D18718BC7F1900E70589 /* FacebookSDK.framework */; };
		C75B929718BC82D0001BF790 /* pressed_404.png in Resources */ = {isa = PBXBuildFile; fileRef = C75B929318BC82D0001BF790 /* pressed_404.png */; };
		C75B929818BC82D0001BF790 /* active_404.png in Resources */ = {isa = PBXBuildFile; fileRef = C75B929418BC82D0001BF790 /* active_404.png */; };
		C75B929918BC82D0001BF790 /* pressed_404@2x.png in Resources */ = {isa = PBXBuildFile; fileRef = C75B929518BC82D0001BF790 /* pressed_404@2x.png */; };
		C75B929A18BC82D0001BF790 /* active_404@2x.png in Resources */ = {isa = PBXBuildFile; fileRef = C75B929618BC82D0001BF790 /* active_404@2x.png */; };
/* End PBXBuildFile section */

/* Begin PBXContainerItemProxy section */
		C752D14F18BB054D00E70589 /* PBXContainerItemProxy */ = {
			isa = PBXContainerItemProxy;
			containerPortal = C752D12718BB054D00E70589 /* Project object */;
			proxyType = 1;
			remoteGlobalIDString = C752D12E18BB054D00E70589;
			remoteInfo = WhatColorIsToday;
		};
/* End PBXContainerItemProxy section */

/* Begin PBXFileReference section */
		C7124C3C18BC8B8A0036913E /* sign-in-with-twitter-gray.png */ = {isa = PBXFileReference; lastKnownFileType = image.png; path = "sign-in-with-twitter-gray.png"; sourceTree = "<group>"; };
		C7124C3E18BC92DE0036913E /* ForgotPasswordViewController.h */ = {isa = PBXFileReference; fileEncoding = 4; lastKnownFileType = sourcecode.c.h; path = ForgotPasswordViewController.h; sourceTree = "<group>"; };
		C7124C3F18BC92DE0036913E /* ForgotPasswordViewController.m */ = {isa = PBXFileReference; fileEncoding = 4; lastKnownFileType = sourcecode.c.objc; path = ForgotPasswordViewController.m; sourceTree = "<group>"; };
		C7124C4018BC92DE0036913E /* ForgotPasswordViewController.xib */ = {isa = PBXFileReference; fileEncoding = 4; lastKnownFileType = file.xib; path = ForgotPasswordViewController.xib; sourceTree = "<group>"; };
		C752D12F18BB054D00E70589 /* WhatColorIsToday.app */ = {isa = PBXFileReference; explicitFileType = wrapper.application; includeInIndex = 0; path = WhatColorIsToday.app; sourceTree = BUILT_PRODUCTS_DIR; };
		C752D13218BB054D00E70589 /* Foundation.framework */ = {isa = PBXFileReference; lastKnownFileType = wrapper.framework; name = Foundation.framework; path = System/Library/Frameworks/Foundation.framework; sourceTree = SDKROOT; };
		C752D13418BB054D00E70589 /* CoreGraphics.framework */ = {isa = PBXFileReference; lastKnownFileType = wrapper.framework; name = CoreGraphics.framework; path = System/Library/Frameworks/CoreGraphics.framework; sourceTree = SDKROOT; };
		C752D13618BB054D00E70589 /* UIKit.framework */ = {isa = PBXFileReference; lastKnownFileType = wrapper.framework; name = UIKit.framework; path = System/Library/Frameworks/UIKit.framework; sourceTree = SDKROOT; };
		C752D13A18BB054D00E70589 /* WhatColorIsToday-Info.plist */ = {isa = PBXFileReference; lastKnownFileType = text.plist.xml; path = "WhatColorIsToday-Info.plist"; sourceTree = "<group>"; };
		C752D13C18BB054D00E70589 /* en */ = {isa = PBXFileReference; lastKnownFileType = text.plist.strings; name = en; path = en.lproj/InfoPlist.strings; sourceTree = "<group>"; };
		C752D13E18BB054D00E70589 /* main.m */ = {isa = PBXFileReference; lastKnownFileType = sourcecode.c.objc; path = main.m; sourceTree = "<group>"; };
		C752D14018BB054D00E70589 /* WhatColorIsToday-Prefix.pch */ = {isa = PBXFileReference; lastKnownFileType = sourcecode.c.h; path = "WhatColorIsToday-Prefix.pch"; sourceTree = "<group>"; };
		C752D14118BB054D00E70589 /* AppDelegate.h */ = {isa = PBXFileReference; lastKnownFileType = sourcecode.c.h; path = AppDelegate.h; sourceTree = "<group>"; };
		C752D14218BB054D00E70589 /* AppDelegate.m */ = {isa = PBXFileReference; lastKnownFileType = sourcecode.c.objc; path = AppDelegate.m; sourceTree = "<group>"; };
		C752D14418BB054D00E70589 /* Images.xcassets */ = {isa = PBXFileReference; lastKnownFileType = folder.assetcatalog; path = Images.xcassets; sourceTree = "<group>"; };
		C752D14A18BB054D00E70589 /* WhatColorIsTodayTests.xctest */ = {isa = PBXFileReference; explicitFileType = wrapper.cfbundle; includeInIndex = 0; path = WhatColorIsTodayTests.xctest; sourceTree = BUILT_PRODUCTS_DIR; };
		C752D14B18BB054D00E70589 /* XCTest.framework */ = {isa = PBXFileReference; lastKnownFileType = wrapper.framework; name = XCTest.framework; path = Library/Frameworks/XCTest.framework; sourceTree = DEVELOPER_DIR; };
		C752D15318BB054D00E70589 /* WhatColorIsTodayTests-Info.plist */ = {isa = PBXFileReference; lastKnownFileType = text.plist.xml; path = "WhatColorIsTodayTests-Info.plist"; sourceTree = "<group>"; };
		C752D15518BB054D00E70589 /* en */ = {isa = PBXFileReference; lastKnownFileType = text.plist.strings; name = en; path = en.lproj/InfoPlist.strings; sourceTree = "<group>"; };
		C752D15718BB054D00E70589 /* WhatColorIsTodayTests.m */ = {isa = PBXFileReference; lastKnownFileType = sourcecode.c.objc; path = WhatColorIsTodayTests.m; sourceTree = "<group>"; };
		C752D16118BB0C0E00E70589 /* MainViewController.h */ = {isa = PBXFileReference; fileEncoding = 4; lastKnownFileType = sourcecode.c.h; path = MainViewController.h; sourceTree = "<group>"; };
		C752D16218BB0C0E00E70589 /* MainViewController.m */ = {isa = PBXFileReference; fileEncoding = 4; lastKnownFileType = sourcecode.c.objc; path = MainViewController.m; sourceTree = "<group>"; };
		C752D16318BB0C0E00E70589 /* MainViewController.xib */ = {isa = PBXFileReference; fileEncoding = 4; lastKnownFileType = file.xib; path = MainViewController.xib; sourceTree = "<group>"; };
		C752D16618BB12AF00E70589 /* Parse.framework */ = {isa = PBXFileReference; lastKnownFileType = wrapper.framework; path = Parse.framework; sourceTree = "<group>"; };
		C752D16818BB12DE00E70589 /* AudioToolbox.framework */ = {isa = PBXFileReference; lastKnownFileType = wrapper.framework; name = AudioToolbox.framework; path = System/Library/Frameworks/AudioToolbox.framework; sourceTree = SDKROOT; };
		C752D16A18BB12ED00E70589 /* CFNetwork.framework */ = {isa = PBXFileReference; lastKnownFileType = wrapper.framework; name = CFNetwork.framework; path = System/Library/Frameworks/CFNetwork.framework; sourceTree = SDKROOT; };
		C752D16C18BB130000E70589 /* CoreLocation.framework */ = {isa = PBXFileReference; lastKnownFileType = wrapper.framework; name = CoreLocation.framework; path = System/Library/Frameworks/CoreLocation.framework; sourceTree = SDKROOT; };
		C752D16E18BB130A00E70589 /* libz.dylib */ = {isa = PBXFileReference; lastKnownFileType = "compiled.mach-o.dylib"; name = libz.dylib; path = usr/lib/libz.dylib; sourceTree = SDKROOT; };
		C752D17018BB131600E70589 /* MobileCoreServices.framework */ = {isa = PBXFileReference; lastKnownFileType = wrapper.framework; name = MobileCoreServices.framework; path = System/Library/Frameworks/MobileCoreServices.framework; sourceTree = SDKROOT; };
		C752D17218BB132400E70589 /* QuartzCore.framework */ = {isa = PBXFileReference; lastKnownFileType = wrapper.framework; name = QuartzCore.framework; path = System/Library/Frameworks/QuartzCore.framework; sourceTree = SDKROOT; };
		C752D17418BB132D00E70589 /* Security.framework */ = {isa = PBXFileReference; lastKnownFileType = wrapper.framework; name = Security.framework; path = System/Library/Frameworks/Security.framework; sourceTree = SDKROOT; };
		C752D17618BB133600E70589 /* StoreKit.framework */ = {isa = PBXFileReference; lastKnownFileType = wrapper.framework; name = StoreKit.framework; path = System/Library/Frameworks/StoreKit.framework; sourceTree = SDKROOT; };
		C752D17818BB134200E70589 /* SystemConfiguration.framework */ = {isa = PBXFileReference; lastKnownFileType = wrapper.framework; name = SystemConfiguration.framework; path = System/Library/Frameworks/SystemConfiguration.framework; sourceTree = SDKROOT; };
		C752D17C18BB183200E70589 /* WhatColorIsToday-Prefix.pch */ = {isa = PBXFileReference; lastKnownFileType = sourcecode.c.h; path = "WhatColorIsToday-Prefix.pch"; sourceTree = "<group>"; };
		C752D17D18BB1CC900E70589 /* SignInViewController.h */ = {isa = PBXFileReference; fileEncoding = 4; lastKnownFileType = sourcecode.c.h; path = SignInViewController.h; sourceTree = "<group>"; };
		C752D17E18BB1CCA00E70589 /* SignInViewController.m */ = {isa = PBXFileReference; fileEncoding = 4; lastKnownFileType = sourcecode.c.objc; path = SignInViewController.m; sourceTree = "<group>"; };
		C752D17F18BB1CCA00E70589 /* SignInViewController.xib */ = {isa = PBXFileReference; fileEncoding = 4; lastKnownFileType = file.xib; path = SignInViewController.xib; sourceTree = "<group>"; };
		C752D18718BC7F1900E70589 /* FacebookSDK.framework */ = {isa = PBXFileReference; lastKnownFileType = wrapper.framework; name = FacebookSDK.framework; path = ../../../Documents/FacebookSDK/FacebookSDK.framework; sourceTree = "<group>"; };
		C75B929318BC82D0001BF790 /* pressed_404.png */ = {isa = PBXFileReference; lastKnownFileType = image.png; path = pressed_404.png; sourceTree = "<group>"; };
		C75B929418BC82D0001BF790 /* active_404.png */ = {isa = PBXFileReference; lastKnownFileType = image.png; path = active_404.png; sourceTree = "<group>"; };
		C75B929518BC82D0001BF790 /* pressed_404@2x.png */ = {isa = PBXFileReference; lastKnownFileType = image.png; path = "pressed_404@2x.png"; sourceTree = "<group>"; };
		C75B929618BC82D0001BF790 /* active_404@2x.png */ = {isa = PBXFileReference; lastKnownFileType = image.png; path = "active_404@2x.png"; sourceTree = "<group>"; };
/* End PBXFileReference section */

/* Begin PBXFrameworksBuildPhase section */
		C752D12C18BB054D00E70589 /* Frameworks */ = {
			isa = PBXFrameworksBuildPhase;
			buildActionMask = 2147483647;
			files = (
				C752D17918BB134200E70589 /* SystemConfiguration.framework in Frameworks */,
				C752D17718BB133600E70589 /* StoreKit.framework in Frameworks */,
				C752D17518BB132D00E70589 /* Security.framework in Frameworks */,
				C752D17318BB132400E70589 /* QuartzCore.framework in Frameworks */,
				C752D17118BB131600E70589 /* MobileCoreServices.framework in Frameworks */,
				C752D16F18BB130A00E70589 /* libz.dylib in Frameworks */,
				C752D16D18BB130000E70589 /* CoreLocation.framework in Frameworks */,
				C752D13518BB054D00E70589 /* CoreGraphics.framework in Frameworks */,
				C752D16B18BB12ED00E70589 /* CFNetwork.framework in Frameworks */,
				C752D16918BB12DE00E70589 /* AudioToolbox.framework in Frameworks */,
				C752D13718BB054D00E70589 /* UIKit.framework in Frameworks */,
				C752D16718BB12AF00E70589 /* Parse.framework in Frameworks */,
				C752D13318BB054D00E70589 /* Foundation.framework in Frameworks */,
				C752D18818BC7F1900E70589 /* FacebookSDK.framework in Frameworks */,
			);
			runOnlyForDeploymentPostprocessing = 0;
		};
		C752D14718BB054D00E70589 /* Frameworks */ = {
			isa = PBXFrameworksBuildPhase;
			buildActionMask = 2147483647;
			files = (
				C752D14C18BB054D00E70589 /* XCTest.framework in Frameworks */,
				C752D14E18BB054D00E70589 /* UIKit.framework in Frameworks */,
				C752D14D18BB054D00E70589 /* Foundation.framework in Frameworks */,
			);
			runOnlyForDeploymentPostprocessing = 0;
		};
/* End PBXFrameworksBuildPhase section */

/* Begin PBXGroup section */
		C752D12618BB054D00E70589 = {
			isa = PBXGroup;
			children = (
				C752D13818BB054D00E70589 /* WhatColorIsToday */,
				C752D15118BB054D00E70589 /* WhatColorIsTodayTests */,
				C752D13118BB054D00E70589 /* Frameworks */,
				C752D13018BB054D00E70589 /* Products */,
			);
			sourceTree = "<group>";
		};
		C752D13018BB054D00E70589 /* Products */ = {
			isa = PBXGroup;
			children = (
				C752D12F18BB054D00E70589 /* WhatColorIsToday.app */,
				C752D14A18BB054D00E70589 /* WhatColorIsTodayTests.xctest */,
			);
			name = Products;
			sourceTree = "<group>";
		};
		C752D13118BB054D00E70589 /* Frameworks */ = {
			isa = PBXGroup;
			children = (
				C752D18718BC7F1900E70589 /* FacebookSDK.framework */,
				C752D17818BB134200E70589 /* SystemConfiguration.framework */,
				C752D17618BB133600E70589 /* StoreKit.framework */,
				C752D17418BB132D00E70589 /* Security.framework */,
				C752D17218BB132400E70589 /* QuartzCore.framework */,
				C752D17018BB131600E70589 /* MobileCoreServices.framework */,
				C752D16E18BB130A00E70589 /* libz.dylib */,
				C752D16C18BB130000E70589 /* CoreLocation.framework */,
				C752D16A18BB12ED00E70589 /* CFNetwork.framework */,
				C752D16818BB12DE00E70589 /* AudioToolbox.framework */,
				C752D16618BB12AF00E70589 /* Parse.framework */,
				C752D13218BB054D00E70589 /* Foundation.framework */,
				C752D13418BB054D00E70589 /* CoreGraphics.framework */,
				C752D13618BB054D00E70589 /* UIKit.framework */,
				C752D14B18BB054D00E70589 /* XCTest.framework */,
			);
			name = Frameworks;
			sourceTree = "<group>";
		};
		C752D13818BB054D00E70589 /* WhatColorIsToday */ = {
			isa = PBXGroup;
			children = (
				C7124C3C18BC8B8A0036913E /* sign-in-with-twitter-gray.png */,
				C75B929318BC82D0001BF790 /* pressed_404.png */,
				C75B929418BC82D0001BF790 /* active_404.png */,
				C75B929518BC82D0001BF790 /* pressed_404@2x.png */,
				C75B929618BC82D0001BF790 /* active_404@2x.png */,
				C752D14118BB054D00E70589 /* AppDelegate.h */,
				C752D17D18BB1CC900E70589 /* SignInViewController.h */,
				C752D17E18BB1CCA00E70589 /* SignInViewController.m */,
				C752D17F18BB1CCA00E70589 /* SignInViewController.xib */,
				C752D16118BB0C0E00E70589 /* MainViewController.h */,
				C752D16218BB0C0E00E70589 /* MainViewController.m */,
				C752D16318BB0C0E00E70589 /* MainViewController.xib */,
				C752D14218BB054D00E70589 /* AppDelegate.m */,
				C752D14418BB054D00E70589 /* Images.xcassets */,
				C752D13918BB054D00E70589 /* Supporting Files */,
				C752D17C18BB183200E70589 /* WhatColorIsToday-Prefix.pch */,
				C7124C3E18BC92DE0036913E /* ForgotPasswordViewController.h */,
				C7124C3F18BC92DE0036913E /* ForgotPasswordViewController.m */,
				C7124C4018BC92DE0036913E /* ForgotPasswordViewController.xib */,
			);
			path = WhatColorIsToday;
			sourceTree = "<group>";
		};
		C752D13918BB054D00E70589 /* Supporting Files */ = {
			isa = PBXGroup;
			children = (
				C752D13A18BB054D00E70589 /* WhatColorIsToday-Info.plist */,
				C752D13B18BB054D00E70589 /* InfoPlist.strings */,
				C752D13E18BB054D00E70589 /* main.m */,
				C752D14018BB054D00E70589 /* WhatColorIsToday-Prefix.pch */,
			);
			name = "Supporting Files";
			sourceTree = "<group>";
		};
		C752D15118BB054D00E70589 /* WhatColorIsTodayTests */ = {
			isa = PBXGroup;
			children = (
				C752D15718BB054D00E70589 /* WhatColorIsTodayTests.m */,
				C752D15218BB054D00E70589 /* Supporting Files */,
			);
			path = WhatColorIsTodayTests;
			sourceTree = "<group>";
		};
		C752D15218BB054D00E70589 /* Supporting Files */ = {
			isa = PBXGroup;
			children = (
				C752D15318BB054D00E70589 /* WhatColorIsTodayTests-Info.plist */,
				C752D15418BB054D00E70589 /* InfoPlist.strings */,
			);
			name = "Supporting Files";
			sourceTree = "<group>";
		};
/* End PBXGroup section */

/* Begin PBXNativeTarget section */
		C752D12E18BB054D00E70589 /* WhatColorIsToday */ = {
			isa = PBXNativeTarget;
			buildConfigurationList = C752D15B18BB054D00E70589 /* Build configuration list for PBXNativeTarget "WhatColorIsToday" */;
			buildPhases = (
				C752D12B18BB054D00E70589 /* Sources */,
				C752D12C18BB054D00E70589 /* Frameworks */,
				C752D12D18BB054D00E70589 /* Resources */,
			);
			buildRules = (
			);
			dependencies = (
			);
			name = WhatColorIsToday;
			productName = WhatColorIsToday;
			productReference = C752D12F18BB054D00E70589 /* WhatColorIsToday.app */;
			productType = "com.apple.product-type.application";
		};
		C752D14918BB054D00E70589 /* WhatColorIsTodayTests */ = {
			isa = PBXNativeTarget;
			buildConfigurationList = C752D15E18BB054D00E70589 /* Build configuration list for PBXNativeTarget "WhatColorIsTodayTests" */;
			buildPhases = (
				C752D14618BB054D00E70589 /* Sources */,
				C752D14718BB054D00E70589 /* Frameworks */,
				C752D14818BB054D00E70589 /* Resources */,
			);
			buildRules = (
			);
			dependencies = (
				C752D15018BB054D00E70589 /* PBXTargetDependency */,
			);
			name = WhatColorIsTodayTests;
			productName = WhatColorIsTodayTests;
			productReference = C752D14A18BB054D00E70589 /* WhatColorIsTodayTests.xctest */;
			productType = "com.apple.product-type.bundle.unit-test";
		};
/* End PBXNativeTarget section */

/* Begin PBXProject section */
		C752D12718BB054D00E70589 /* Project object */ = {
			isa = PBXProject;
			attributes = {
				LastUpgradeCheck = 0500;
				ORGANIZATIONNAME = tsmsogn;
				TargetAttributes = {
					C752D14918BB054D00E70589 = {
						TestTargetID = C752D12E18BB054D00E70589;
					};
				};
			};
			buildConfigurationList = C752D12A18BB054D00E70589 /* Build configuration list for PBXProject "WhatColorIsToday" */;
			compatibilityVersion = "Xcode 3.2";
			developmentRegion = English;
			hasScannedForEncodings = 0;
			knownRegions = (
				en,
			);
			mainGroup = C752D12618BB054D00E70589;
			productRefGroup = C752D13018BB054D00E70589 /* Products */;
			projectDirPath = "";
			projectRoot = "";
			targets = (
				C752D12E18BB054D00E70589 /* WhatColorIsToday */,
				C752D14918BB054D00E70589 /* WhatColorIsTodayTests */,
			);
		};
/* End PBXProject section */

/* Begin PBXResourcesBuildPhase section */
		C752D12D18BB054D00E70589 /* Resources */ = {
			isa = PBXResourcesBuildPhase;
			buildActionMask = 2147483647;
			files = (
				C752D18118BB1CCA00E70589 /* SignInViewController.xib in Resources */,
				C75B929A18BC82D0001BF790 /* active_404@2x.png in Resources */,
				C752D13D18BB054D00E70589 /* InfoPlist.strings in Resources */,
				C75B929818BC82D0001BF790 /* active_404.png in Resources */,
				C7124C4218BC92DE0036913E /* ForgotPasswordViewController.xib in Resources */,
				C7124C3D18BC8B8A0036913E /* sign-in-with-twitter-gray.png in Resources */,
				C75B929718BC82D0001BF790 /* pressed_404.png in Resources */,
				C752D16518BB0C0E00E70589 /* MainViewController.xib in Resources */,
				C752D14518BB054D00E70589 /* Images.xcassets in Resources */,
				C75B929918BC82D0001BF790 /* pressed_404@2x.png in Resources */,
			);
			runOnlyForDeploymentPostprocessing = 0;
		};
		C752D14818BB054D00E70589 /* Resources */ = {
			isa = PBXResourcesBuildPhase;
			buildActionMask = 2147483647;
			files = (
				C752D15618BB054D00E70589 /* InfoPlist.strings in Resources */,
			);
			runOnlyForDeploymentPostprocessing = 0;
		};
/* End PBXResourcesBuildPhase section */

/* Begin PBXSourcesBuildPhase section */
		C752D12B18BB054D00E70589 /* Sources */ = {
			isa = PBXSourcesBuildPhase;
			buildActionMask = 2147483647;
			files = (
				C752D18018BB1CCA00E70589 /* SignInViewController.m in Sources */,
				C752D14318BB054D00E70589 /* AppDelegate.m in Sources */,
				C752D13F18BB054D00E70589 /* main.m in Sources */,
				C7124C4118BC92DE0036913E /* ForgotPasswordViewController.m in Sources */,
				C752D16418BB0C0E00E70589 /* MainViewController.m in Sources */,
			);
			runOnlyForDeploymentPostprocessing = 0;
		};
		C752D14618BB054D00E70589 /* Sources */ = {
			isa = PBXSourcesBuildPhase;
			buildActionMask = 2147483647;
			files = (
				C752D15818BB054D00E70589 /* WhatColorIsTodayTests.m in Sources */,
			);
			runOnlyForDeploymentPostprocessing = 0;
		};
/* End PBXSourcesBuildPhase section */

/* Begin PBXTargetDependency section */
		C752D15018BB054D00E70589 /* PBXTargetDependency */ = {
			isa = PBXTargetDependency;
			target = C752D12E18BB054D00E70589 /* WhatColorIsToday */;
			targetProxy = C752D14F18BB054D00E70589 /* PBXContainerItemProxy */;
		};
/* End PBXTargetDependency section */

/* Begin PBXVariantGroup section */
		C752D13B18BB054D00E70589 /* InfoPlist.strings */ = {
			isa = PBXVariantGroup;
			children = (
				C752D13C18BB054D00E70589 /* en */,
			);
			name = InfoPlist.strings;
			sourceTree = "<group>";
		};
		C752D15418BB054D00E70589 /* InfoPlist.strings */ = {
			isa = PBXVariantGroup;
			children = (
				C752D15518BB054D00E70589 /* en */,
			);
			name = InfoPlist.strings;
			sourceTree = "<group>";
		};
/* End PBXVariantGroup section */

/* Begin XCBuildConfiguration section */
		C752D15918BB054D00E70589 /* Debug */ = {
			isa = XCBuildConfiguration;
			buildSettings = {
				ALWAYS_SEARCH_USER_PATHS = NO;
				ARCHS = "$(ARCHS_STANDARD_INCLUDING_64_BIT)";
				CLANG_CXX_LANGUAGE_STANDARD = "gnu++0x";
				CLANG_CXX_LIBRARY = "libc++";
				CLANG_ENABLE_MODULES = YES;
				CLANG_ENABLE_OBJC_ARC = YES;
				CLANG_WARN_BOOL_CONVERSION = YES;
				CLANG_WARN_CONSTANT_CONVERSION = YES;
				CLANG_WARN_DIRECT_OBJC_ISA_USAGE = YES_ERROR;
				CLANG_WARN_EMPTY_BODY = YES;
				CLANG_WARN_ENUM_CONVERSION = YES;
				CLANG_WARN_INT_CONVERSION = YES;
				CLANG_WARN_OBJC_ROOT_CLASS = YES_ERROR;
				CLANG_WARN__DUPLICATE_METHOD_MATCH = YES;
				"CODE_SIGN_IDENTITY[sdk=iphoneos*]" = "iPhone Developer";
				COPY_PHASE_STRIP = NO;
				GCC_C_LANGUAGE_STANDARD = gnu99;
				GCC_DYNAMIC_NO_PIC = NO;
				GCC_OPTIMIZATION_LEVEL = 0;
				GCC_PREPROCESSOR_DEFINITIONS = (
					"DEBUG=1",
					"$(inherited)",
				);
				GCC_SYMBOLS_PRIVATE_EXTERN = NO;
				GCC_WARN_64_TO_32_BIT_CONVERSION = YES;
				GCC_WARN_ABOUT_RETURN_TYPE = YES_ERROR;
				GCC_WARN_UNDECLARED_SELECTOR = YES;
				GCC_WARN_UNINITIALIZED_AUTOS = YES;
				GCC_WARN_UNUSED_FUNCTION = YES;
				GCC_WARN_UNUSED_VARIABLE = YES;
				IPHONEOS_DEPLOYMENT_TARGET = 7.0;
				ONLY_ACTIVE_ARCH = YES;
				SDKROOT = iphoneos;
			};
			name = Debug;
		};
		C752D15A18BB054D00E70589 /* Release */ = {
			isa = XCBuildConfiguration;
			buildSettings = {
				ALWAYS_SEARCH_USER_PATHS = NO;
				ARCHS = "$(ARCHS_STANDARD_INCLUDING_64_BIT)";
				CLANG_CXX_LANGUAGE_STANDARD = "gnu++0x";
				CLANG_CXX_LIBRARY = "libc++";
				CLANG_ENABLE_MODULES = YES;
				CLANG_ENABLE_OBJC_ARC = YES;
				CLANG_WARN_BOOL_CONVERSION = YES;
				CLANG_WARN_CONSTANT_CONVERSION = YES;
				CLANG_WARN_DIRECT_OBJC_ISA_USAGE = YES_ERROR;
				CLANG_WARN_EMPTY_BODY = YES;
				CLANG_WARN_ENUM_CONVERSION = YES;
				CLANG_WARN_INT_CONVERSION = YES;
				CLANG_WARN_OBJC_ROOT_CLASS = YES_ERROR;
				CLANG_WARN__DUPLICATE_METHOD_MATCH = YES;
				"CODE_SIGN_IDENTITY[sdk=iphoneos*]" = "iPhone Developer";
				COPY_PHASE_STRIP = YES;
				ENABLE_NS_ASSERTIONS = NO;
				GCC_C_LANGUAGE_STANDARD = gnu99;
				GCC_WARN_64_TO_32_BIT_CONVERSION = YES;
				GCC_WARN_ABOUT_RETURN_TYPE = YES_ERROR;
				GCC_WARN_UNDECLARED_SELECTOR = YES;
				GCC_WARN_UNINITIALIZED_AUTOS = YES;
				GCC_WARN_UNUSED_FUNCTION = YES;
				GCC_WARN_UNUSED_VARIABLE = YES;
				IPHONEOS_DEPLOYMENT_TARGET = 7.0;
				SDKROOT = iphoneos;
				VALIDATE_PRODUCT = YES;
			};
			name = Release;
		};
		C752D15C18BB054D00E70589 /* Debug */ = {
			isa = XCBuildConfiguration;
			buildSettings = {
				ASSETCATALOG_COMPILER_APPICON_NAME = AppIcon;
				ASSETCATALOG_COMPILER_LAUNCHIMAGE_NAME = LaunchImage;
				FRAMEWORK_SEARCH_PATHS = (
					"$(inherited)",
					/Users/tsmsogn/Desktop/apps/WhatColorIsToday,
					/Users/tsmsogn/Documents/FacebookSDK,
				);
				GCC_PRECOMPILE_PREFIX_HEADER = YES;
				GCC_PREFIX_HEADER = "WhatColorIsToday/WhatColorIsToday-Prefix.pch";
				INFOPLIST_FILE = "WhatColorIsToday/WhatColorIsToday-Info.plist";
				PRODUCT_NAME = "$(TARGET_NAME)";
				WRAPPER_EXTENSION = app;
			};
			name = Debug;
		};
		C752D15D18BB054D00E70589 /* Release */ = {
			isa = XCBuildConfiguration;
			buildSettings = {
				ASSETCATALOG_COMPILER_APPICON_NAME = AppIcon;
				ASSETCATALOG_COMPILER_LAUNCHIMAGE_NAME = LaunchImage;
				FRAMEWORK_SEARCH_PATHS = (
					"$(inherited)",
					/Users/tsmsogn/Desktop/apps/WhatColorIsToday,
					/Users/tsmsogn/Documents/FacebookSDK,
				);
				GCC_PRECOMPILE_PREFIX_HEADER = YES;
				GCC_PREFIX_HEADER = "WhatColorIsToday/WhatColorIsToday-Prefix.pch";
				INFOPLIST_FILE = "WhatColorIsToday/WhatColorIsToday-Info.plist";
				PRODUCT_NAME = "$(TARGET_NAME)";
				WRAPPER_EXTENSION = app;
			};
			name = Release;
		};
		C752D15F18BB054D00E70589 /* Debug */ = {
			isa = XCBuildConfiguration;
			buildSettings = {
				ARCHS = "$(ARCHS_STANDARD_INCLUDING_64_BIT)";
				BUNDLE_LOADER = "$(BUILT_PRODUCTS_DIR)/WhatColorIsToday.app/WhatColorIsToday";
				FRAMEWORK_SEARCH_PATHS = (
					"$(SDKROOT)/Developer/Library/Frameworks",
					"$(inherited)",
					"$(DEVELOPER_FRAMEWORKS_DIR)",
				);
				GCC_PRECOMPILE_PREFIX_HEADER = YES;
				GCC_PREFIX_HEADER = "WhatColorIsToday/WhatColorIsToday-Prefix.pch";
				GCC_PREPROCESSOR_DEFINITIONS = (
					"DEBUG=1",
					"$(inherited)",
				);
				INFOPLIST_FILE = "WhatColorIsTodayTests/WhatColorIsTodayTests-Info.plist";
				PRODUCT_NAME = "$(TARGET_NAME)";
				TEST_HOST = "$(BUNDLE_LOADER)";
				WRAPPER_EXTENSION = xctest;
			};
			name = Debug;
		};
		C752D16018BB054D00E70589 /* Release */ = {
			isa = XCBuildConfiguration;
			buildSettings = {
				ARCHS = "$(ARCHS_STANDARD_INCLUDING_64_BIT)";
				BUNDLE_LOADER = "$(BUILT_PRODUCTS_DIR)/WhatColorIsToday.app/WhatColorIsToday";
				FRAMEWORK_SEARCH_PATHS = (
					"$(SDKROOT)/Developer/Library/Frameworks",
					"$(inherited)",
					"$(DEVELOPER_FRAMEWORKS_DIR)",
				);
				GCC_PRECOMPILE_PREFIX_HEADER = YES;
				GCC_PREFIX_HEADER = "WhatColorIsToday/WhatColorIsToday-Prefix.pch";
				INFOPLIST_FILE = "WhatColorIsTodayTests/WhatColorIsTodayTests-Info.plist";
				PRODUCT_NAME = "$(TARGET_NAME)";
				TEST_HOST = "$(BUNDLE_LOADER)";
				WRAPPER_EXTENSION = xctest;
			};
			name = Release;
		};
/* End XCBuildConfiguration section */

/* Begin XCConfigurationList section */
		C752D12A18BB054D00E70589 /* Build configuration list for PBXProject "WhatColorIsToday" */ = {
			isa = XCConfigurationList;
			buildConfigurations = (
				C752D15918BB054D00E70589 /* Debug */,
				C752D15A18BB054D00E70589 /* Release */,
			);
			defaultConfigurationIsVisible = 0;
			defaultConfigurationName = Release;
		};
		C752D15B18BB054D00E70589 /* Build configuration list for PBXNativeTarget "WhatColorIsToday" */ = {
			isa = XCConfigurationList;
			buildConfigurations = (
				C752D15C18BB054D00E70589 /* Debug */,
				C752D15D18BB054D00E70589 /* Release */,
			);
			defaultConfigurationIsVisible = 0;
			defaultConfigurationName = Release;
		};
		C752D15E18BB054D00E70589 /* Build configuration list for PBXNativeTarget "WhatColorIsTodayTests" */ = {
			isa = XCConfigurationList;
			buildConfigurations = (
				C752D15F18BB054D00E70589 /* Debug */,
				C752D16018BB054D00E70589 /* Release */,
			);
			defaultConfigurationIsVisible = 0;
			defaultConfigurationName = Release;
		};
/* End XCConfigurationList section */
	};
	rootObject = C752D12718BB054D00E70589 /* Project object */;
}
